
Microsoft Visual Studio Solution File, Format Version 12.00
# Visual Studio Version 17
VisualStudioVersion = 17.3.32929.385
MinimumVisualStudioVersion = 10.0.40219.1
Project("{FAE04EC0-301F-11D3-BF4B-00C04F79EFBC}") = "Caso2Ajedrez", "Caso2Ajedrez\Caso2Ajedrez.csproj", "{B2865C15-FD45-40BB-9A66-49DDA967834B}"
EndProject
Project("{FAE04EC0-301F-11D3-BF4B-00C04F79EFBC}") = "WinFormsApp1", "WinFormsApp1\WinFormsApp1.csproj", "{F7B8B811-8FB6-430F-98AC-BEA08941194F}"
EndProject
Global
	GlobalSection(SolutionConfigurationPlatforms) = preSolution
		Debug|Any CPU = Debug|Any CPU
		Release|Any CPU = Release|Any CPU
	EndGlobalSection
	GlobalSection(ProjectConfigurationPlatforms) = postSolution
		{B2865C15-FD45-40BB-9A66-49DDA967834B}.Debug|Any CPU.ActiveCfg = Debug|Any CPU
		{B2865C15-FD45-40BB-9A66-49DDA967834B}.Debug|Any CPU.Build.0 = Debug|Any CPU
		{B2865C15-FD45-40BB-9A66-49DDA967834B}.Release|Any CPU.ActiveCfg = Release|Any CPU
		{B2865C15-FD45-40BB-9A66-49DDA967834B}.Release|Any CPU.Build.0 = Release|Any CPU
		{F7B8B811-8FB6-430F-98AC-BEA08941194F}.Debug|Any CPU.ActiveCfg = Debug|Any CPU
		{F7B8B811-8FB6-430F-98AC-BEA08941194F}.Debug|Any CPU.Build.0 = Debug|Any CPU
		{F7B8B811-8FB6-430F-98AC-BEA08941194F}.Release|Any CPU.ActiveCfg = Release|Any CPU
		{F7B8B811-8FB6-430F-98AC-BEA08941194F}.Release|Any CPU.Build.0 = Release|Any CPU
	EndGlobalSection
	GlobalSection(SolutionProperties) = preSolution
		HideSolutionNode = FALSE
	EndGlobalSection
	GlobalSection(ExtensibilityGlobals) = postSolution
		SolutionGuid = {ECDA1869-DEBC-4FF2-BFC9-CB0A252AA5F3}
	EndGlobalSection
EndGlobal
